
Microsoft Visual Studio Solution File, Format Version 12.00
# Visual Studio Version 16
VisualStudioVersion = 16.0.34902.97
MinimumVisualStudioVersion = 10.0.40219.1
Project("{FAE04EC0-301F-11D3-BF4B-00C04F79EFBC}") = "WebApplicationIIIp", "WebApplicationIIIp\WebApplicationIIIp.csproj", "{60DA4E90-3007-4CB4-A3C4-FED16BB7091B}"
EndProject
Global
	GlobalSection(SolutionConfigurationPlatforms) = preSolution
		Debug|Any CPU = Debug|Any CPU
		Release|Any CPU = Release|Any CPU
	EndGlobalSection
	GlobalSection(ProjectConfigurationPlatforms) = postSolution
		{60DA4E90-3007-4CB4-A3C4-FED16BB7091B}.Debug|Any CPU.ActiveCfg = Debug|Any CPU
		{60DA4E90-3007-4CB4-A3C4-FED16BB7091B}.Debug|Any CPU.Build.0 = Debug|Any CPU
		{60DA4E90-3007-4CB4-A3C4-FED16BB7091B}.Release|Any CPU.ActiveCfg = Release|Any CPU
		{60DA4E90-3007-4CB4-A3C4-FED16BB7091B}.Release|Any CPU.Build.0 = Release|Any CPU
	EndGlobalSection
	GlobalSection(SolutionProperties) = preSolution
		HideSolutionNode = FALSE
	EndGlobalSection
	GlobalSection(ExtensibilityGlobals) = postSolution
		SolutionGuid = {D8F9F756-1B9E-4BA1-80F0-7DAECA1E6F8B}
	EndGlobalSection
EndGlobal
